// !$*UTF8*$!
{
	archiveVersion = 1;
	classes = {
	};
	objectVersion = 46;
	objects = {

/* Begin PBXBuildFile section */
		6FE729F51C9A9E9300427441 /* main.m in Sources */ = {isa = PBXBuildFile; fileRef = 6FE729F41C9A9E9300427441 /* main.m */; };
		6FE729F81C9A9E9300427441 /* AppDelegate.m in Sources */ = {isa = PBXBuildFile; fileRef = 6FE729F71C9A9E9300427441 /* AppDelegate.m */; };
		6FE729FE1C9A9E9300427441 /* Main.storyboard in Resources */ = {isa = PBXBuildFile; fileRef = 6FE729FC1C9A9E9300427441 /* Main.storyboard */; };
		6FE72A001C9A9E9300427441 /* Assets.xcassets in Resources */ = {isa = PBXBuildFile; fileRef = 6FE729FF1C9A9E9300427441 /* Assets.xcassets */; };
		6FE72A031C9A9E9300427441 /* LaunchScreen.storyboard in Resources */ = {isa = PBXBuildFile; fileRef = 6FE72A011C9A9E9300427441 /* LaunchScreen.storyboard */; };
		6FE72A0E1C9A9E9300427441 /* imoocAppTests.m in Sources */ = {isa = PBXBuildFile; fileRef = 6FE72A0D1C9A9E9300427441 /* imoocAppTests.m */; };
		6FE72A191C9A9E9300427441 /* imoocAppUITests.m in Sources */ = {isa = PBXBuildFile; fileRef = 6FE72A181C9A9E9300427441 /* imoocAppUITests.m */; };
		6FE72A291C9AA73C00427441 /* ScenceMe.storyboard in Resources */ = {isa = PBXBuildFile; fileRef = 6FE72A281C9AA73C00427441 /* ScenceMe.storyboard */; };
		6FE72A2C1C9AAA0B00427441 /* TVC_Course.m in Sources */ = {isa = PBXBuildFile; fileRef = 6FE72A2B1C9AAA0B00427441 /* TVC_Course.m */; };
/* End PBXBuildFile section */

/* Begin PBXContainerItemProxy section */
		6FE72A0A1C9A9E9300427441 /* PBXContainerItemProxy */ = {
			isa = PBXContainerItemProxy;
			containerPortal = 6FE729E81C9A9E9300427441 /* Project object */;
			proxyType = 1;
			remoteGlobalIDString = 6FE729EF1C9A9E9300427441;
			remoteInfo = imoocApp;
		};
		6FE72A151C9A9E9300427441 /* PBXContainerItemProxy */ = {
			isa = PBXContainerItemProxy;
			containerPortal = 6FE729E81C9A9E9300427441 /* Project object */;
			proxyType = 1;
			remoteGlobalIDString = 6FE729EF1C9A9E9300427441;
			remoteInfo = imoocApp;
		};
/* End PBXContainerItemProxy section */

/* Begin PBXFileReference section */
		6FE729F01C9A9E9300427441 /* imoocApp.app */ = {isa = PBXFileReference; explicitFileType = wrapper.application; includeInIndex = 0; path = imoocApp.app; sourceTree = BUILT_PRODUCTS_DIR; };
		6FE729F41C9A9E9300427441 /* main.m */ = {isa = PBXFileReference; lastKnownFileType = sourcecode.c.objc; path = main.m; sourceTree = "<group>"; };
		6FE729F61C9A9E9300427441 /* AppDelegate.h */ = {isa = PBXFileReference; lastKnownFileType = sourcecode.c.h; path = AppDelegate.h; sourceTree = "<group>"; };
		6FE729F71C9A9E9300427441 /* AppDelegate.m */ = {isa = PBXFileReference; lastKnownFileType = sourcecode.c.objc; path = AppDelegate.m; sourceTree = "<group>"; };
		6FE729FD1C9A9E9300427441 /* Base */ = {isa = PBXFileReference; lastKnownFileType = file.storyboard; name = Base; path = Base.lproj/Main.storyboard; sourceTree = "<group>"; };
		6FE729FF1C9A9E9300427441 /* Assets.xcassets */ = {isa = PBXFileReference; lastKnownFileType = folder.assetcatalog; path = Assets.xcassets; sourceTree = "<group>"; };
		6FE72A021C9A9E9300427441 /* Base */ = {isa = PBXFileReference; lastKnownFileType = file.storyboard; name = Base; path = Base.lproj/LaunchScreen.storyboard; sourceTree = "<group>"; };
		6FE72A041C9A9E9300427441 /* Info.plist */ = {isa = PBXFileReference; lastKnownFileType = text.plist.xml; path = Info.plist; sourceTree = "<group>"; };
		6FE72A091C9A9E9300427441 /* imoocAppTests.xctest */ = {isa = PBXFileReference; explicitFileType = wrapper.cfbundle; includeInIndex = 0; path = imoocAppTests.xctest; sourceTree = BUILT_PRODUCTS_DIR; };
		6FE72A0D1C9A9E9300427441 /* imoocAppTests.m */ = {isa = PBXFileReference; lastKnownFileType = sourcecode.c.objc; path = imoocAppTests.m; sourceTree = "<group>"; };
		6FE72A0F1C9A9E9300427441 /* Info.plist */ = {isa = PBXFileReference; lastKnownFileType = text.plist.xml; path = Info.plist; sourceTree = "<group>"; };
		6FE72A141C9A9E9300427441 /* imoocAppUITests.xctest */ = {isa = PBXFileReference; explicitFileType = wrapper.cfbundle; includeInIndex = 0; path = imoocAppUITests.xctest; sourceTree = BUILT_PRODUCTS_DIR; };
		6FE72A181C9A9E9300427441 /* imoocAppUITests.m */ = {isa = PBXFileReference; lastKnownFileType = sourcecode.c.objc; path = imoocAppUITests.m; sourceTree = "<group>"; };
		6FE72A1A1C9A9E9300427441 /* Info.plist */ = {isa = PBXFileReference; lastKnownFileType = text.plist.xml; path = Info.plist; sourceTree = "<group>"; };
		6FE72A281C9AA73C00427441 /* ScenceMe.storyboard */ = {isa = PBXFileReference; fileEncoding = 4; lastKnownFileType = file.storyboard; path = ScenceMe.storyboard; sourceTree = "<group>"; };
		6FE72A2A1C9AAA0B00427441 /* TVC_Course.h */ = {isa = PBXFileReference; fileEncoding = 4; lastKnownFileType = sourcecode.c.h; path = TVC_Course.h; sourceTree = "<group>"; };
		6FE72A2B1C9AAA0B00427441 /* TVC_Course.m */ = {isa = PBXFileReference; fileEncoding = 4; lastKnownFileType = sourcecode.c.objc; path = TVC_Course.m; sourceTree = "<group>"; };
/* End PBXFileReference section */

/* Begin PBXFrameworksBuildPhase section */
		6FE729ED1C9A9E9300427441 /* Frameworks */ = {
			isa = PBXFrameworksBuildPhase;
			buildActionMask = 2147483647;
			files = (
			);
			runOnlyForDeploymentPostprocessing = 0;
		};
		6FE72A061C9A9E9300427441 /* Frameworks */ = {
			isa = PBXFrameworksBuildPhase;
			buildActionMask = 2147483647;
			files = (
			);
			runOnlyForDeploymentPostprocessing = 0;
		};
		6FE72A111C9A9E9300427441 /* Frameworks */ = {
			isa = PBXFrameworksBuildPhase;
			buildActionMask = 2147483647;
			files = (
			);
			runOnlyForDeploymentPostprocessing = 0;
		};
/* End PBXFrameworksBuildPhase section */

/* Begin PBXGroup section */
		6FE729E71C9A9E9300427441 = {
			isa = PBXGroup;
			children = (
				6FE729F21C9A9E9300427441 /* imoocApp */,
				6FE72A0C1C9A9E9300427441 /* imoocAppTests */,
				6FE72A171C9A9E9300427441 /* imoocAppUITests */,
				6FE729F11C9A9E9300427441 /* Products */,
			);
			sourceTree = "<group>";
		};
		6FE729F11C9A9E9300427441 /* Products */ = {
			isa = PBXGroup;
			children = (
				6FE729F01C9A9E9300427441 /* imoocApp.app */,
				6FE72A091C9A9E9300427441 /* imoocAppTests.xctest */,
				6FE72A141C9A9E9300427441 /* imoocAppUITests.xctest */,
			);
			name = Products;
			sourceTree = "<group>";
		};
		6FE729F21C9A9E9300427441 /* imoocApp */ = {
			isa = PBXGroup;
			children = (
				6FE729F61C9A9E9300427441 /* AppDelegate.h */,
				6FE729F71C9A9E9300427441 /* AppDelegate.m */,
				6FE729FC1C9A9E9300427441 /* Main.storyboard */,
				6FE72A2A1C9AAA0B00427441 /* TVC_Course.h */,
				6FE72A2B1C9AAA0B00427441 /* TVC_Course.m */,
				6FE72A281C9AA73C00427441 /* ScenceMe.storyboard */,
				6FE729FF1C9A9E9300427441 /* Assets.xcassets */,
				6FE72A011C9A9E9300427441 /* LaunchScreen.storyboard */,
				6FE72A041C9A9E9300427441 /* Info.plist */,
				6FE729F31C9A9E9300427441 /* Supporting Files */,
			);
			path = imoocApp;
			sourceTree = "<group>";
		};
		6FE729F31C9A9E9300427441 /* Supporting Files */ = {
			isa = PBXGroup;
			children = (
				6FE729F41C9A9E9300427441 /* main.m */,
			);
			name = "Supporting Files";
			sourceTree = "<group>";
		};
		6FE72A0C1C9A9E9300427441 /* imoocAppTests */ = {
			isa = PBXGroup;
			children = (
				6FE72A0D1C9A9E9300427441 /* imoocAppTests.m */,
				6FE72A0F1C9A9E9300427441 /* Info.plist */,
			);
			path = imoocAppTests;
			sourceTree = "<group>";
		};
		6FE72A171C9A9E9300427441 /* imoocAppUITests */ = {
			isa = PBXGroup;
			children = (
				6FE72A181C9A9E9300427441 /* imoocAppUITests.m */,
				6FE72A1A1C9A9E9300427441 /* Info.plist */,
			);
			path = imoocAppUITests;
			sourceTree = "<group>";
		};
/* End PBXGroup section */

/* Begin PBXNativeTarget section */
		6FE729EF1C9A9E9300427441 /* imoocApp */ = {
			isa = PBXNativeTarget;
			buildConfigurationList = 6FE72A1D1C9A9E9300427441 /* Build configuration list for PBXNativeTarget "imoocApp" */;
			buildPhases = (
				6FE729EC1C9A9E9300427441 /* Sources */,
				6FE729ED1C9A9E9300427441 /* Frameworks */,
				6FE729EE1C9A9E9300427441 /* Resources */,
			);
			buildRules = (
			);
			dependencies = (
			);
			name = imoocApp;
			productName = imoocApp;
			productReference = 6FE729F01C9A9E9300427441 /* imoocApp.app */;
			productType = "com.apple.product-type.application";
		};
		6FE72A081C9A9E9300427441 /* imoocAppTests */ = {
			isa = PBXNativeTarget;
			buildConfigurationList = 6FE72A201C9A9E9300427441 /* Build configuration list for PBXNativeTarget "imoocAppTests" */;
			buildPhases = (
				6FE72A051C9A9E9300427441 /* Sources */,
				6FE72A061C9A9E9300427441 /* Frameworks */,
				6FE72A071C9A9E9300427441 /* Resources */,
			);
			buildRules = (
			);
			dependencies = (
				6FE72A0B1C9A9E9300427441 /* PBXTargetDependency */,
			);
			name = imoocAppTests;
			productName = imoocAppTests;
			productReference = 6FE72A091C9A9E9300427441 /* imoocAppTests.xctest */;
			productType = "com.apple.product-type.bundle.unit-test";
		};
		6FE72A131C9A9E9300427441 /* imoocAppUITests */ = {
			isa = PBXNativeTarget;
			buildConfigurationList = 6FE72A231C9A9E9300427441 /* Build configuration list for PBXNativeTarget "imoocAppUITests" */;
			buildPhases = (
				6FE72A101C9A9E9300427441 /* Sources */,
				6FE72A111C9A9E9300427441 /* Frameworks */,
				6FE72A121C9A9E9300427441 /* Resources */,
			);
			buildRules = (
			);
			dependencies = (
				6FE72A161C9A9E9300427441 /* PBXTargetDependency */,
			);
			name = imoocAppUITests;
			productName = imoocAppUITests;
			productReference = 6FE72A141C9A9E9300427441 /* imoocAppUITests.xctest */;
			productType = "com.apple.product-type.bundle.ui-testing";
		};
/* End PBXNativeTarget section */

/* Begin PBXProject section */
		6FE729E81C9A9E9300427441 /* Project object */ = {
			isa = PBXProject;
			attributes = {
				LastUpgradeCheck = 0720;
				ORGANIZATIONNAME = crane;
				TargetAttributes = {
					6FE729EF1C9A9E9300427441 = {
						CreatedOnToolsVersion = 7.2;
						DevelopmentTeam = X8HVU98333;
					};
					6FE72A081C9A9E9300427441 = {
						CreatedOnToolsVersion = 7.2;
						DevelopmentTeam = X8HVU98333;
						TestTargetID = 6FE729EF1C9A9E9300427441;
					};
					6FE72A131C9A9E9300427441 = {
						CreatedOnToolsVersion = 7.2;
						DevelopmentTeam = X8HVU98333;
						TestTargetID = 6FE729EF1C9A9E9300427441;
					};
				};
			};
			buildConfigurationList = 6FE729EB1C9A9E9300427441 /* Build configuration list for PBXProject "imoocApp" */;
			compatibilityVersion = "Xcode 3.2";
			developmentRegion = English;
			hasScannedForEncodings = 0;
			knownRegions = (
				en,
				Base,
			);
			mainGroup = 6FE729E71C9A9E9300427441;
			productRefGroup = 6FE729F11C9A9E9300427441 /* Products */;
			projectDirPath = "";
			projectRoot = "";
			targets = (
				6FE729EF1C9A9E9300427441 /* imoocApp */,
				6FE72A081C9A9E9300427441 /* imoocAppTests */,
				6FE72A131C9A9E9300427441 /* imoocAppUITests */,
			);
		};
/* End PBXProject section */

/* Begin PBXResourcesBuildPhase section */
		6FE729EE1C9A9E9300427441 /* Resources */ = {
			isa = PBXResourcesBuildPhase;
			buildActionMask = 2147483647;
			files = (
				6FE72A291C9AA73C00427441 /* ScenceMe.storyboard in Resources */,
				6FE72A031C9A9E9300427441 /* LaunchScreen.storyboard in Resources */,
				6FE72A001C9A9E9300427441 /* Assets.xcassets in Resources */,
				6FE729FE1C9A9E9300427441 /* Main.storyboard in Resources */,
			);
			runOnlyForDeploymentPostprocessing = 0;
		};
		6FE72A071C9A9E9300427441 /* Resources */ = {
			isa = PBXResourcesBuildPhase;
			buildActionMask = 2147483647;
			files = (
			);
			runOnlyForDeploymentPostprocessing = 0;
		};
		6FE72A121C9A9E9300427441 /* Resources */ = {
			isa = PBXResourcesBuildPhase;
			buildActionMask = 2147483647;
			files = (
			);
			runOnlyForDeploymentPostprocessing = 0;
		};
/* End PBXResourcesBuildPhase section */

/* Begin PBXSourcesBuildPhase section */
		6FE729EC1C9A9E9300427441 /* Sources */ = {
			isa = PBXSourcesBuildPhase;
			buildActionMask = 2147483647;
			files = (
				6FE729F81C9A9E9300427441 /* AppDelegate.m in Sources */,
				6FE72A2C1C9AAA0B00427441 /* TVC_Course.m in Sources */,
				6FE729F51C9A9E9300427441 /* main.m in Sources */,
			);
			runOnlyForDeploymentPostprocessing = 0;
		};
		6FE72A051C9A9E9300427441 /* Sources */ = {
			isa = PBXSourcesBuildPhase;
			buildActionMask = 2147483647;
			files = (
				6FE72A0E1C9A9E9300427441 /* imoocAppTests.m in Sources */,
			);
			runOnlyForDeploymentPostprocessing = 0;
		};
		6FE72A101C9A9E9300427441 /* Sources */ = {
			isa = PBXSourcesBuildPhase;
			buildActionMask = 2147483647;
			files = (
				6FE72A191C9A9E9300427441 /* imoocAppUITests.m in Sources */,
			);
			runOnlyForDeploymentPostprocessing = 0;
		};
/* End PBXSourcesBuildPhase section */

/* Begin PBXTargetDependency section */
		6FE72A0B1C9A9E9300427441 /* PBXTargetDependency */ = {
			isa = PBXTargetDependency;
			target = 6FE729EF1C9A9E9300427441 /* imoocApp */;
			targetProxy = 6FE72A0A1C9A9E9300427441 /* PBXContainerItemProxy */;
		};
		6FE72A161C9A9E9300427441 /* PBXTargetDependency */ = {
			isa = PBXTargetDependency;
			target = 6FE729EF1C9A9E9300427441 /* imoocApp */;
			targetProxy = 6FE72A151C9A9E9300427441 /* PBXContainerItemProxy */;
		};
/* End PBXTargetDependency section */

/* Begin PBXVariantGroup section */
		6FE729FC1C9A9E9300427441 /* Main.storyboard */ = {
			isa = PBXVariantGroup;
			children = (
				6FE729FD1C9A9E9300427441 /* Base */,
			);
			name = Main.storyboard;
			sourceTree = "<group>";
		};
		6FE72A011C9A9E9300427441 /* LaunchScreen.storyboard */ = {
			isa = PBXVariantGroup;
			children = (
				6FE72A021C9A9E9300427441 /* Base */,
			);
			name = LaunchScreen.storyboard;
			sourceTree = "<group>";
		};
/* End PBXVariantGroup section */

/* Begin XCBuildConfiguration section */
		6FE72A1B1C9A9E9300427441 /* Debug */ = {
			isa = XCBuildConfiguration;
			buildSettings = {
				ALWAYS_SEARCH_USER_PATHS = NO;
				CLANG_CXX_LANGUAGE_STANDARD = "gnu++0x";
				CLANG_CXX_LIBRARY = "libc++";
				CLANG_ENABLE_MODULES = YES;
				CLANG_ENABLE_OBJC_ARC = YES;
				CLANG_WARN_BOOL_CONVERSION = YES;
				CLANG_WARN_CONSTANT_CONVERSION = YES;
				CLANG_WARN_DIRECT_OBJC_ISA_USAGE = YES_ERROR;
				CLANG_WARN_EMPTY_BODY = YES;
				CLANG_WARN_ENUM_CONVERSION = YES;
				CLANG_WARN_INT_CONVERSION = YES;
				CLANG_WARN_OBJC_ROOT_CLASS = YES_ERROR;
				CLANG_WARN_UNREACHABLE_CODE = YES;
				CLANG_WARN__DUPLICATE_METHOD_MATCH = YES;
				"CODE_SIGN_IDENTITY[sdk=iphoneos*]" = "iPhone Developer";
				COPY_PHASE_STRIP = NO;
				DEBUG_INFORMATION_FORMAT = dwarf;
				ENABLE_STRICT_OBJC_MSGSEND = YES;
				ENABLE_TESTABILITY = YES;
				GCC_C_LANGUAGE_STANDARD = gnu99;
				GCC_DYNAMIC_NO_PIC = NO;
				GCC_NO_COMMON_BLOCKS = YES;
				GCC_OPTIMIZATION_LEVEL = 0;
				GCC_PREPROCESSOR_DEFINITIONS = (
					"DEBUG=1",
					"$(inherited)",
				);
				GCC_WARN_64_TO_32_BIT_CONVERSION = YES;
				GCC_WARN_ABOUT_RETURN_TYPE = YES_ERROR;
				GCC_WARN_UNDECLARED_SELECTOR = YES;
				GCC_WARN_UNINITIALIZED_AUTOS = YES_AGGRESSIVE;
				GCC_WARN_UNUSED_FUNCTION = YES;
				GCC_WARN_UNUSED_VARIABLE = YES;
				IPHONEOS_DEPLOYMENT_TARGET = 9.2;
				MTL_ENABLE_DEBUG_INFO = YES;
				ONLY_ACTIVE_ARCH = YES;
				SDKROOT = iphoneos;
			};
			name = Debug;
		};
		6FE72A1C1C9A9E9300427441 /* Release */ = {
			isa = XCBuildConfiguration;
			buildSettings = {
				ALWAYS_SEARCH_USER_PATHS = NO;
				CLANG_CXX_LANGUAGE_STANDARD = "gnu++0x";
				CLANG_CXX_LIBRARY = "libc++";
				CLANG_ENABLE_MODULES = YES;
				CLANG_ENABLE_OBJC_ARC = YES;
				CLANG_WARN_BOOL_CONVERSION = YES;
				CLANG_WARN_CONSTANT_CONVERSION = YES;
				CLANG_WARN_DIRECT_OBJC_ISA_USAGE = YES_ERROR;
				CLANG_WARN_EMPTY_BODY = YES;
				CLANG_WARN_ENUM_CONVERSION = YES;
				CLANG_WARN_INT_CONVERSION = YES;
				CLANG_WARN_OBJC_ROOT_CLASS = YES_ERROR;
				CLANG_WARN_UNREACHABLE_CODE = YES;
				CLANG_WARN__DUPLICATE_METHOD_MATCH = YES;
				"CODE_SIGN_IDENTITY[sdk=iphoneos*]" = "iPhone Developer";
				COPY_PHASE_STRIP = NO;
				DEBUG_INFORMATION_FORMAT = "dwarf-with-dsym";
				ENABLE_NS_ASSERTIONS = NO;
				ENABLE_STRICT_OBJC_MSGSEND = YES;
				GCC_C_LANGUAGE_STANDARD = gnu99;
				GCC_NO_COMMON_BLOCKS = YES;
				GCC_WARN_64_TO_32_BIT_CONVERSION = YES;
				GCC_WARN_ABOUT_RETURN_TYPE = YES_ERROR;
				GCC_WARN_UNDECLARED_SELECTOR = YES;
				GCC_WARN_UNINITIALIZED_AUTOS = YES_AGGRESSIVE;
				GCC_WARN_UNUSED_FUNCTION = YES;
				GCC_WARN_UNUSED_VARIABLE = YES;
				IPHONEOS_DEPLOYMENT_TARGET = 9.2;
				MTL_ENABLE_DEBUG_INFO = NO;
				SDKROOT = iphoneos;
				VALIDATE_PRODUCT = YES;
			};
			name = Release;
		};
		6FE72A1E1C9A9E9300427441 /* Debug */ = {
			isa = XCBuildConfiguration;
			buildSettings = {
				ASSETCATALOG_COMPILER_APPICON_NAME = AppIcon;
				INFOPLIST_FILE = imoocApp/Info.plist;
				LD_RUNPATH_SEARCH_PATHS = "$(inherited) @executable_path/Frameworks";
				PRODUCT_BUNDLE_IDENTIFIER = com.crame.imoocApp;
				PRODUCT_NAME = "$(TARGET_NAME)";
			};
			name = Debug;
		};
		6FE72A1F1C9A9E9300427441 /* Release */ = {
			isa = XCBuildConfiguration;
			buildSettings = {
				ASSETCATALOG_COMPILER_APPICON_NAME = AppIcon;
				INFOPLIST_FILE = imoocApp/Info.plist;
				LD_RUNPATH_SEARCH_PATHS = "$(inherited) @executable_path/Frameworks";
				PRODUCT_BUNDLE_IDENTIFIER = com.crame.imoocApp;
				PRODUCT_NAME = "$(TARGET_NAME)";
			};
			name = Release;
		};
		6FE72A211C9A9E9300427441 /* Debug */ = {
			isa = XCBuildConfiguration;
			buildSettings = {
				BUNDLE_LOADER = "$(TEST_HOST)";
				INFOPLIST_FILE = imoocAppTests/Info.plist;
				LD_RUNPATH_SEARCH_PATHS = "$(inherited) @executable_path/Frameworks @loader_path/Frameworks";
				PRODUCT_BUNDLE_IDENTIFIER = com.crame.imoocAppTests;
				PRODUCT_NAME = "$(TARGET_NAME)";
				TEST_HOST = "$(BUILT_PRODUCTS_DIR)/imoocApp.app/imoocApp";
			};
			name = Debug;
		};
		6FE72A221C9A9E9300427441 /* Release */ = {
			isa = XCBuildConfiguration;
			buildSettings = {
				BUNDLE_LOADER = "$(TEST_HOST)";
				INFOPLIST_FILE = imoocAppTests/Info.plist;
				LD_RUNPATH_SEARCH_PATHS = "$(inherited) @executable_path/Frameworks @loader_path/Frameworks";
				PRODUCT_BUNDLE_IDENTIFIER = com.crame.imoocAppTests;
				PRODUCT_NAME = "$(TARGET_NAME)";
				TEST_HOST = "$(BUILT_PRODUCTS_DIR)/imoocApp.app/imoocApp";
			};
			name = Release;
		};
		6FE72A241C9A9E9300427441 /* Debug */ = {
			isa = XCBuildConfiguration;
			buildSettings = {
				INFOPLIST_FILE = imoocAppUITests/Info.plist;
				LD_RUNPATH_SEARCH_PATHS = "$(inherited) @executable_path/Frameworks @loader_path/Frameworks";
				PRODUCT_BUNDLE_IDENTIFIER = com.crame.imoocAppUITests;
				PRODUCT_NAME = "$(TARGET_NAME)";
				TEST_TARGET_NAME = imoocApp;
				USES_XCTRUNNER = YES;
			};
			name = Debug;
		};
		6FE72A251C9A9E9300427441 /* Release */ = {
			isa = XCBuildConfiguration;
			buildSettings = {
				INFOPLIST_FILE = imoocAppUITests/Info.plist;
				LD_RUNPATH_SEARCH_PATHS = "$(inherited) @executable_path/Frameworks @loader_path/Frameworks";
				PRODUCT_BUNDLE_IDENTIFIER = com.crame.imoocAppUITests;
				PRODUCT_NAME = "$(TARGET_NAME)";
				TEST_TARGET_NAME = imoocApp;
				USES_XCTRUNNER = YES;
			};
			name = Release;
		};
/* End XCBuildConfiguration section */

/* Begin XCConfigurationList section */
		6FE729EB1C9A9E9300427441 /* Build configuration list for PBXProject "imoocApp" */ = {
			isa = XCConfigurationList;
			buildConfigurations = (
				6FE72A1B1C9A9E9300427441 /* Debug */,
				6FE72A1C1C9A9E9300427441 /* Release */,
			);
			defaultConfigurationIsVisible = 0;
			defaultConfigurationName = Release;
		};
		6FE72A1D1C9A9E9300427441 /* Build configuration list for PBXNativeTarget "imoocApp" */ = {
			isa = XCConfigurationList;
			buildConfigurations = (
				6FE72A1E1C9A9E9300427441 /* Debug */,
				6FE72A1F1C9A9E9300427441 /* Release */,
			);
			defaultConfigurationIsVisible = 0;
		};
		6FE72A201C9A9E9300427441 /* Build configuration list for PBXNativeTarget "imoocAppTests" */ = {
			isa = XCConfigurationList;
			buildConfigurations = (
				6FE72A211C9A9E9300427441 /* Debug */,
				6FE72A221C9A9E9300427441 /* Release */,
			);
			defaultConfigurationIsVisible = 0;
		};
		6FE72A231C9A9E9300427441 /* Build configuration list for PBXNativeTarget "imoocAppUITests" */ = {
			isa = XCConfigurationList;
			buildConfigurations = (
				6FE72A241C9A9E9300427441 /* Debug */,
				6FE72A251C9A9E9300427441 /* Release */,
			);
			defaultConfigurationIsVisible = 0;
		};
/* End XCConfigurationList section */
	};
	rootObject = 6FE729E81C9A9E9300427441 /* Project object */;
}
